name: Sherlock
url: https://github.com/sherlock-project/sherlock
description: Checks whether a username exists on 400+ social networks and websites.
category: social-media
inputs: [username]
outputs: [social_profile, url]
type: cli
cost: free
passive: true
account_required: false
repo: sherlock-project/sherlock
install: pipx install sherlock-project
language: Python
license: MIT
platforms: [linux, macos, windows]
tags: [username-enumeration, open-source]
